
Microsoft Visual Studio Solution File, Format Version 12.00
# Visual Studio 15
VisualStudioVersion = 15.0.26124.0
MinimumVisualStudioVersion = 15.0.26124.0
Project("{FAE04EC0-301F-11D3-BF4B-00C04F79EFBC}") = "WillStore.Api", "WillStore.Api\WillStore.Api.csproj", "{7FE5FE1C-042B-42F8-ADC4-F7CD87C3CFE2}"
EndProject
Project("{FAE04EC0-301F-11D3-BF4B-00C04F79EFBC}") = "WillStore.Domain", "WillStore.Domain\WillStore.Domain.csproj", "{962EE277-8757-468B-8FEA-2BC2A10B8D7B}"
EndProject
Project("{FAE04EC0-301F-11D3-BF4B-00C04F79EFBC}") = "WillStore.Infra", "WillStore.Infra\WillStore.Infra.csproj", "{AB6D9538-F38A-4710-888F-310FDD502231}"
EndProject
Project("{FAE04EC0-301F-11D3-BF4B-00C04F79EFBC}") = "WillStore.Shared", "WillStore.Shared\WillStore.Shared.csproj", "{1867D84D-CE14-4FB3-BD00-E6CC890263DB}"
EndProject
Project("{FAE04EC0-301F-11D3-BF4B-00C04F79EFBC}") = "WillStore.Tests", "WillStore.Tests\WillStore.Tests.csproj", "{3156FAF0-AEEE-4CF9-8DE2-6C5D14F0FEE5}"
EndProject
Global
	GlobalSection(SolutionConfigurationPlatforms) = preSolution
		Debug|Any CPU = Debug|Any CPU
		Debug|x64 = Debug|x64
		Debug|x86 = Debug|x86
		Release|Any CPU = Release|Any CPU
		Release|x64 = Release|x64
		Release|x86 = Release|x86
	EndGlobalSection
	GlobalSection(SolutionProperties) = preSolution
		HideSolutionNode = FALSE
	EndGlobalSection
	GlobalSection(ProjectConfigurationPlatforms) = postSolution
		{7FE5FE1C-042B-42F8-ADC4-F7CD87C3CFE2}.Debug|Any CPU.ActiveCfg = Debug|Any CPU
		{7FE5FE1C-042B-42F8-ADC4-F7CD87C3CFE2}.Debug|Any CPU.Build.0 = Debug|Any CPU
		{7FE5FE1C-042B-42F8-ADC4-F7CD87C3CFE2}.Debug|x64.ActiveCfg = Debug|Any CPU
		{7FE5FE1C-042B-42F8-ADC4-F7CD87C3CFE2}.Debug|x64.Build.0 = Debug|Any CPU
		{7FE5FE1C-042B-42F8-ADC4-F7CD87C3CFE2}.Debug|x86.ActiveCfg = Debug|Any CPU
		{7FE5FE1C-042B-42F8-ADC4-F7CD87C3CFE2}.Debug|x86.Build.0 = Debug|Any CPU
		{7FE5FE1C-042B-42F8-ADC4-F7CD87C3CFE2}.Release|Any CPU.ActiveCfg = Release|Any CPU
		{7FE5FE1C-042B-42F8-ADC4-F7CD87C3CFE2}.Release|Any CPU.Build.0 = Release|Any CPU
		{7FE5FE1C-042B-42F8-ADC4-F7CD87C3CFE2}.Release|x64.ActiveCfg = Release|Any CPU
		{7FE5FE1C-042B-42F8-ADC4-F7CD87C3CFE2}.Release|x64.Build.0 = Release|Any CPU
		{7FE5FE1C-042B-42F8-ADC4-F7CD87C3CFE2}.Release|x86.ActiveCfg = Release|Any CPU
		{7FE5FE1C-042B-42F8-ADC4-F7CD87C3CFE2}.Release|x86.Build.0 = Release|Any CPU
		{962EE277-8757-468B-8FEA-2BC2A10B8D7B}.Debug|Any CPU.ActiveCfg = Debug|Any CPU
		{962EE277-8757-468B-8FEA-2BC2A10B8D7B}.Debug|Any CPU.Build.0 = Debug|Any CPU
		{962EE277-8757-468B-8FEA-2BC2A10B8D7B}.Debug|x64.ActiveCfg = Debug|Any CPU
		{962EE277-8757-468B-8FEA-2BC2A10B8D7B}.Debug|x64.Build.0 = Debug|Any CPU
		{962EE277-8757-468B-8FEA-2BC2A10B8D7B}.Debug|x86.ActiveCfg = Debug|Any CPU
		{962EE277-8757-468B-8FEA-2BC2A10B8D7B}.Debug|x86.Build.0 = Debug|Any CPU
		{962EE277-8757-468B-8FEA-2BC2A10B8D7B}.Release|Any CPU.ActiveCfg = Release|Any CPU
		{962EE277-8757-468B-8FEA-2BC2A10B8D7B}.Release|Any CPU.Build.0 = Release|Any CPU
		{962EE277-8757-468B-8FEA-2BC2A10B8D7B}.Release|x64.ActiveCfg = Release|Any CPU
		{962EE277-8757-468B-8FEA-2BC2A10B8D7B}.Release|x64.Build.0 = Release|Any CPU
		{962EE277-8757-468B-8FEA-2BC2A10B8D7B}.Release|x86.ActiveCfg = Release|Any CPU
		{962EE277-8757-468B-8FEA-2BC2A10B8D7B}.Release|x86.Build.0 = Release|Any CPU
		{AB6D9538-F38A-4710-888F-310FDD502231}.Debug|Any CPU.ActiveCfg = Debug|Any CPU
		{AB6D9538-F38A-4710-888F-310FDD502231}.Debug|Any CPU.Build.0 = Debug|Any CPU
		{AB6D9538-F38A-4710-888F-310FDD502231}.Debug|x64.ActiveCfg = Debug|Any CPU
		{AB6D9538-F38A-4710-888F-310FDD502231}.Debug|x64.Build.0 = Debug|Any CPU
		{AB6D9538-F38A-4710-888F-310FDD502231}.Debug|x86.ActiveCfg = Debug|Any CPU
		{AB6D9538-F38A-4710-888F-310FDD502231}.Debug|x86.Build.0 = Debug|Any CPU
		{AB6D9538-F38A-4710-888F-310FDD502231}.Release|Any CPU.ActiveCfg = Release|Any CPU
		{AB6D9538-F38A-4710-888F-310FDD502231}.Release|Any CPU.Build.0 = Release|Any CPU
		{AB6D9538-F38A-4710-888F-310FDD502231}.Release|x64.ActiveCfg = Release|Any CPU
		{AB6D9538-F38A-4710-888F-310FDD502231}.Release|x64.Build.0 = Release|Any CPU
		{AB6D9538-F38A-4710-888F-310FDD502231}.Release|x86.ActiveCfg = Release|Any CPU
		{AB6D9538-F38A-4710-888F-310FDD502231}.Release|x86.Build.0 = Release|Any CPU
		{1867D84D-CE14-4FB3-BD00-E6CC890263DB}.Debug|Any CPU.ActiveCfg = Debug|Any CPU
		{1867D84D-CE14-4FB3-BD00-E6CC890263DB}.Debug|Any CPU.Build.0 = Debug|Any CPU
		{1867D84D-CE14-4FB3-BD00-E6CC890263DB}.Debug|x64.ActiveCfg = Debug|Any CPU
		{1867D84D-CE14-4FB3-BD00-E6CC890263DB}.Debug|x64.Build.0 = Debug|Any CPU
		{1867D84D-CE14-4FB3-BD00-E6CC890263DB}.Debug|x86.ActiveCfg = Debug|Any CPU
		{1867D84D-CE14-4FB3-BD00-E6CC890263DB}.Debug|x86.Build.0 = Debug|Any CPU
		{1867D84D-CE14-4FB3-BD00-E6CC890263DB}.Release|Any CPU.ActiveCfg = Release|Any CPU
		{1867D84D-CE14-4FB3-BD00-E6CC890263DB}.Release|Any CPU.Build.0 = Release|Any CPU
		{1867D84D-CE14-4FB3-BD00-E6CC890263DB}.Release|x64.ActiveCfg = Release|Any CPU
		{1867D84D-CE14-4FB3-BD00-E6CC890263DB}.Release|x64.Build.0 = Release|Any CPU
		{1867D84D-CE14-4FB3-BD00-E6CC890263DB}.Release|x86.ActiveCfg = Release|Any CPU
		{1867D84D-CE14-4FB3-BD00-E6CC890263DB}.Release|x86.Build.0 = Release|Any CPU
		{3156FAF0-AEEE-4CF9-8DE2-6C5D14F0FEE5}.Debug|Any CPU.ActiveCfg = Debug|Any CPU
		{3156FAF0-AEEE-4CF9-8DE2-6C5D14F0FEE5}.Debug|Any CPU.Build.0 = Debug|Any CPU
		{3156FAF0-AEEE-4CF9-8DE2-6C5D14F0FEE5}.Debug|x64.ActiveCfg = Debug|Any CPU
		{3156FAF0-AEEE-4CF9-8DE2-6C5D14F0FEE5}.Debug|x64.Build.0 = Debug|Any CPU
		{3156FAF0-AEEE-4CF9-8DE2-6C5D14F0FEE5}.Debug|x86.ActiveCfg = Debug|Any CPU
		{3156FAF0-AEEE-4CF9-8DE2-6C5D14F0FEE5}.Debug|x86.Build.0 = Debug|Any CPU
		{3156FAF0-AEEE-4CF9-8DE2-6C5D14F0FEE5}.Release|Any CPU.ActiveCfg = Release|Any CPU
		{3156FAF0-AEEE-4CF9-8DE2-6C5D14F0FEE5}.Release|Any CPU.Build.0 = Release|Any CPU
		{3156FAF0-AEEE-4CF9-8DE2-6C5D14F0FEE5}.Release|x64.ActiveCfg = Release|Any CPU
		{3156FAF0-AEEE-4CF9-8DE2-6C5D14F0FEE5}.Release|x64.Build.0 = Release|Any CPU
		{3156FAF0-AEEE-4CF9-8DE2-6C5D14F0FEE5}.Release|x86.ActiveCfg = Release|Any CPU
		{3156FAF0-AEEE-4CF9-8DE2-6C5D14F0FEE5}.Release|x86.Build.0 = Release|Any CPU
	EndGlobalSection
EndGlobal
